// !$*UTF8*$!
{
	archiveVersion = 1;
	classes = {
	};
	objectVersion = 48;
	objects = {

/* Begin PBXBuildFile section */
		C82FB8D30BF1175A43B0ED33 /* Pods_Streaks.framework in Frameworks */ = {isa = PBXBuildFile; fileRef = 23925E1A4FDB813A95299327 /* Pods_Streaks.framework */; };
		CE09067F1FE75B9B00A388C2 /* CalendarGridViewController.swift in Sources */ = {isa = PBXBuildFile; fileRef = CE09067E1FE75B9B00A388C2 /* CalendarGridViewController.swift */; };
		CE0E83D820CB3F3A00B2D2BA /* CloudKit.framework in Frameworks */ = {isa = PBXBuildFile; fileRef = CE0E83D720CB3F3A00B2D2BA /* CloudKit.framework */; };
		CE0E83E620CBA12800B2D2BA /* UITableView + ViewAnimator.swift in Sources */ = {isa = PBXBuildFile; fileRef = CE0E83DB20CBA12800B2D2BA /* UITableView + ViewAnimator.swift */; };
		CE0E83E720CBA12800B2D2BA /* UICollectionView + ViewAnimator.swift in Sources */ = {isa = PBXBuildFile; fileRef = CE0E83DC20CBA12800B2D2BA /* UICollectionView + ViewAnimator.swift */; };
		CE0E83E820CBA12800B2D2BA /* Utilities.swift in Sources */ = {isa = PBXBuildFile; fileRef = CE0E83DE20CBA12800B2D2BA /* Utilities.swift */; };
		CE0E83E920CBA12800B2D2BA /* ViewAnimator.swift in Sources */ = {isa = PBXBuildFile; fileRef = CE0E83DF20CBA12800B2D2BA /* ViewAnimator.swift */; };
		CE0E83EA20CBA12800B2D2BA /* ViewAnimatorConfig.swift in Sources */ = {isa = PBXBuildFile; fileRef = CE0E83E020CBA12800B2D2BA /* ViewAnimatorConfig.swift */; };
		CE0E83EB20CBA12800B2D2BA /* Animation.swift in Sources */ = {isa = PBXBuildFile; fileRef = CE0E83E220CBA12800B2D2BA /* Animation.swift */; };
		CE0E83EC20CBA12800B2D2BA /* AnimationType.swift in Sources */ = {isa = PBXBuildFile; fileRef = CE0E83E420CBA12800B2D2BA /* AnimationType.swift */; };
		CE0E83ED20CBA12800B2D2BA /* Direction.swift in Sources */ = {isa = PBXBuildFile; fileRef = CE0E83E520CBA12800B2D2BA /* Direction.swift */; };
		CE0E83EF20CBA95700B2D2BA /* BobRoss.swift in Sources */ = {isa = PBXBuildFile; fileRef = CE0E83EE20CBA95700B2D2BA /* BobRoss.swift */; };
		CE145A501FE3812200286BE1 /* AppDelegate.swift in Sources */ = {isa = PBXBuildFile; fileRef = CE145A4F1FE3812200286BE1 /* AppDelegate.swift */; };
		CE145A571FE3812200286BE1 /* Assets.xcassets in Resources */ = {isa = PBXBuildFile; fileRef = CE145A561FE3812200286BE1 /* Assets.xcassets */; };
		CE145A5A1FE3812200286BE1 /* LaunchScreen.storyboard in Resources */ = {isa = PBXBuildFile; fileRef = CE145A581FE3812200286BE1 /* LaunchScreen.storyboard */; };
		CE145A621FE387BE00286BE1 /* AppRouter.swift in Sources */ = {isa = PBXBuildFile; fileRef = CE145A611FE387BE00286BE1 /* AppRouter.swift */; };
		CE1CA58F20D22B4700AFA53F /* Streaks.xcdatamodeld in Sources */ = {isa = PBXBuildFile; fileRef = CE23B05E20AE95070071C5DC /* Streaks.xcdatamodeld */; };
		CE1CA59120D231B000AFA53F /* ElementConfigs.swift in Sources */ = {isa = PBXBuildFile; fileRef = CE1CA59020D231B000AFA53F /* ElementConfigs.swift */; };
		CE23B06220AE95910071C5DC /* ProgressDataLayer.swift in Sources */ = {isa = PBXBuildFile; fileRef = CE23B06120AE95910071C5DC /* ProgressDataLayer.swift */; };
		CE23B06420AEB33C0071C5DC /* MarkerViewController.swift in Sources */ = {isa = PBXBuildFile; fileRef = CE23B06320AEB33C0071C5DC /* MarkerViewController.swift */; };
		CE23B06620AEB9D30071C5DC /* MarkerConductor.swift in Sources */ = {isa = PBXBuildFile; fileRef = CE23B06520AEB9D30071C5DC /* MarkerConductor.swift */; };
		CE74461E20DC74FD00739B61 /* ActivityComposerViewController.swift in Sources */ = {isa = PBXBuildFile; fileRef = CE74461D20DC74FD00739B61 /* ActivityComposerViewController.swift */; };
		CE74462020DC754F00739B61 /* ActivityComposerConductor.swift in Sources */ = {isa = PBXBuildFile; fileRef = CE74461F20DC754F00739B61 /* ActivityComposerConductor.swift */; };
		CE8CA0ED1FF197810040C3AF /* CalendarGridCell.swift in Sources */ = {isa = PBXBuildFile; fileRef = CE8CA0EC1FF197810040C3AF /* CalendarGridCell.swift */; };
		CE8CA0EF1FF1979C0040C3AF /* CalendarGridFooter.swift in Sources */ = {isa = PBXBuildFile; fileRef = CE8CA0EE1FF1979C0040C3AF /* CalendarGridFooter.swift */; };
		CE8CA0F11FF20D8F0040C3AF /* CalendarWeekdayHeaderViewController.swift in Sources */ = {isa = PBXBuildFile; fileRef = CE8CA0F01FF20D8F0040C3AF /* CalendarWeekdayHeaderViewController.swift */; };
		CEA1F2D020B00A9000CB378C /* TwoTextFieldsViewController.swift in Sources */ = {isa = PBXBuildFile; fileRef = CEA1F28620B00A8F00CB378C /* TwoTextFieldsViewController.swift */; };
		CEA1F2D120B00A9000CB378C /* OneTextFieldViewController.swift in Sources */ = {isa = PBXBuildFile; fileRef = CEA1F28720B00A8F00CB378C /* OneTextFieldViewController.swift */; };
		CEA1F2D920B00A9000CB378C /* PickerViewViewController.swift in Sources */ = {isa = PBXBuildFile; fileRef = CEA1F29520B00A8F00CB378C /* PickerViewViewController.swift */; };
		CEA1F2DE20B00A9000CB378C /* ColorPickerViewController.swift in Sources */ = {isa = PBXBuildFile; fileRef = CEA1F29F20B00A9000CB378C /* ColorPickerViewController.swift */; };
		CEA1F2DF20B00A9000CB378C /* DatePickerViewController.swift in Sources */ = {isa = PBXBuildFile; fileRef = CEA1F2A120B00A9000CB378C /* DatePickerViewController.swift */; };
		CEA1F2E620B00A9000CB378C /* Array+Extensions.swift in Sources */ = {isa = PBXBuildFile; fileRef = CEA1F2AE20B00A9000CB378C /* Array+Extensions.swift */; };
		CEA1F2E720B00A9000CB378C /* UISegmentedControl+Extensions.swift in Sources */ = {isa = PBXBuildFile; fileRef = CEA1F2AF20B00A9000CB378C /* UISegmentedControl+Extensions.swift */; };
		CEA1F2E920B00A9000CB378C /* UIViewController+Extensions.swift in Sources */ = {isa = PBXBuildFile; fileRef = CEA1F2B120B00A9000CB378C /* UIViewController+Extensions.swift */; };
		CEA1F2EA20B00A9000CB378C /* UIView+Extensions.swift in Sources */ = {isa = PBXBuildFile; fileRef = CEA1F2B220B00A9000CB378C /* UIView+Extensions.swift */; };
		CEA1F2EB20B00A9000CB378C /* Date+Extension.swift in Sources */ = {isa = PBXBuildFile; fileRef = CEA1F2B320B00A9000CB378C /* Date+Extension.swift */; };
		CEA1F2EC20B00A9000CB378C /* String+Extensions.swift in Sources */ = {isa = PBXBuildFile; fileRef = CEA1F2B420B00A9000CB378C /* String+Extensions.swift */; };
		CEA1F2ED20B00A9000CB378C /* UITextView+Extensions.swift in Sources */ = {isa = PBXBuildFile; fileRef = CEA1F2B520B00A9000CB378C /* UITextView+Extensions.swift */; };
		CEA1F2EE20B00A9000CB378C /* UIColor+Extensions.swift in Sources */ = {isa = PBXBuildFile; fileRef = CEA1F2B620B00A9000CB378C /* UIColor+Extensions.swift */; };
		CEA1F2EF20B00A9000CB378C /* UIImage+Extensions.swift in Sources */ = {isa = PBXBuildFile; fileRef = CEA1F2B720B00A9000CB378C /* UIImage+Extensions.swift */; };
		CEA1F2F020B00A9000CB378C /* UISearchBar+Extensions.swift in Sources */ = {isa = PBXBuildFile; fileRef = CEA1F2B820B00A9000CB378C /* UISearchBar+Extensions.swift */; };
		CEA1F2F120B00A9000CB378C /* UIApplication+Extensions.swift in Sources */ = {isa = PBXBuildFile; fileRef = CEA1F2B920B00A9000CB378C /* UIApplication+Extensions.swift */; };
		CEA1F2F220B00A9000CB378C /* UIAlertController+Extensions.swift in Sources */ = {isa = PBXBuildFile; fileRef = CEA1F2BA20B00A9000CB378C /* UIAlertController+Extensions.swift */; };
		CEA1F2F320B00A9000CB378C /* Optional+Extensions.swift in Sources */ = {isa = PBXBuildFile; fileRef = CEA1F2BB20B00A9000CB378C /* Optional+Extensions.swift */; };
		CEA1F2F420B00A9000CB378C /* Common+Extensions.swift in Sources */ = {isa = PBXBuildFile; fileRef = CEA1F2BC20B00A9000CB378C /* Common+Extensions.swift */; };
		CEA1F2F620B00A9000CB378C /* UITextField+Extensions.swift in Sources */ = {isa = PBXBuildFile; fileRef = CEA1F2BE20B00A9000CB378C /* UITextField+Extensions.swift */; };
		CEA1F2F720B00A9000CB378C /* AttributedTextBlock.swift in Sources */ = {isa = PBXBuildFile; fileRef = CEA1F2C120B00A9000CB378C /* AttributedTextBlock.swift */; };
		CEA1F2F820B00A9000CB378C /* TextViewController.swift in Sources */ = {isa = PBXBuildFile; fileRef = CEA1F2C220B00A9000CB378C /* TextViewController.swift */; };
		CEA1F2F920B00A9000CB378C /* Label.swift in Sources */ = {isa = PBXBuildFile; fileRef = CEA1F2C420B00A9000CB378C /* Label.swift */; };
		CEA1F2FA20B00A9000CB378C /* SegmentedControl.swift in Sources */ = {isa = PBXBuildFile; fileRef = CEA1F2C520B00A9000CB378C /* SegmentedControl.swift */; };
		CEA1F2FB20B00A9000CB378C /* GradientSlider.swift in Sources */ = {isa = PBXBuildFile; fileRef = CEA1F2C620B00A9000CB378C /* GradientSlider.swift */; };
		CEA1F2FC20B00A9000CB378C /* TextField.swift in Sources */ = {isa = PBXBuildFile; fileRef = CEA1F2C720B00A9000CB378C /* TextField.swift */; };
		CEA1F2FD20B00A9000CB378C /* Button.swift in Sources */ = {isa = PBXBuildFile; fileRef = CEA1F2C820B00A9000CB378C /* Button.swift */; };
		CEBFDF431FE38AAE00DC8AA8 /* Gotham-XLight.otf in Resources */ = {isa = PBXBuildFile; fileRef = CEBFDF371FE38AAE00DC8AA8 /* Gotham-XLight.otf */; };
		CEBFDF441FE38AAE00DC8AA8 /* Gotham-Black.otf in Resources */ = {isa = PBXBuildFile; fileRef = CEBFDF381FE38AAE00DC8AA8 /* Gotham-Black.otf */; };
		CEBFDF451FE38AAE00DC8AA8 /* Gotham-XLightItalic.otf in Resources */ = {isa = PBXBuildFile; fileRef = CEBFDF391FE38AAE00DC8AA8 /* Gotham-XLightItalic.otf */; };
		CEBFDF461FE38AAE00DC8AA8 /* Gotham-Medium.otf in Resources */ = {isa = PBXBuildFile; fileRef = CEBFDF3A1FE38AAE00DC8AA8 /* Gotham-Medium.otf */; };
		CEBFDF471FE38AAE00DC8AA8 /* Gotham-Book.otf in Resources */ = {isa = PBXBuildFile; fileRef = CEBFDF3B1FE38AAE00DC8AA8 /* Gotham-Book.otf */; };
		CEBFDF481FE38AAE00DC8AA8 /* Gotham-Bold.otf in Resources */ = {isa = PBXBuildFile; fileRef = CEBFDF3C1FE38AAE00DC8AA8 /* Gotham-Bold.otf */; };
		CEBFDF491FE38AAE00DC8AA8 /* Gotham-LightItalic.otf in Resources */ = {isa = PBXBuildFile; fileRef = CEBFDF3D1FE38AAE00DC8AA8 /* Gotham-LightItalic.otf */; };
		CEBFDF4A1FE38AAE00DC8AA8 /* Gotham-Light.otf in Resources */ = {isa = PBXBuildFile; fileRef = CEBFDF3E1FE38AAE00DC8AA8 /* Gotham-Light.otf */; };
		CEBFDF4B1FE38AAE00DC8AA8 /* Gotham-BoldItalic.otf in Resources */ = {isa = PBXBuildFile; fileRef = CEBFDF3F1FE38AAE00DC8AA8 /* Gotham-BoldItalic.otf */; };
		CEBFDF4C1FE38AAE00DC8AA8 /* Gotham-BookItalic.otf in Resources */ = {isa = PBXBuildFile; fileRef = CEBFDF401FE38AAE00DC8AA8 /* Gotham-BookItalic.otf */; };
		CEBFDF4D1FE38AAE00DC8AA8 /* Gotham-BlackItalic.otf in Resources */ = {isa = PBXBuildFile; fileRef = CEBFDF411FE38AAE00DC8AA8 /* Gotham-BlackItalic.otf */; };
		CEBFDF4E1FE38AAE00DC8AA8 /* Gotham-MediumItalic.otf in Resources */ = {isa = PBXBuildFile; fileRef = CEBFDF421FE38AAE00DC8AA8 /* Gotham-MediumItalic.otf */; };
		CEBFDF5B1FE38B7800DC8AA8 /* UIViewController+Streaks.swift in Sources */ = {isa = PBXBuildFile; fileRef = CEBFDF501FE38B7800DC8AA8 /* UIViewController+Streaks.swift */; };
		CEBFDF5C1FE38B7800DC8AA8 /* UIButton+Streaks.swift in Sources */ = {isa = PBXBuildFile; fileRef = CEBFDF511FE38B7800DC8AA8 /* UIButton+Streaks.swift */; };
		CEBFDF5D1FE38B7800DC8AA8 /* UIView+Streaks.swift in Sources */ = {isa = PBXBuildFile; fileRef = CEBFDF521FE38B7800DC8AA8 /* UIView+Streaks.swift */; };
		CEBFDF5E1FE38B7800DC8AA8 /* String+Streaks.swift in Sources */ = {isa = PBXBuildFile; fileRef = CEBFDF531FE38B7800DC8AA8 /* String+Streaks.swift */; };
		CEBFDF5F1FE38B7800DC8AA8 /* UIFont+Streaks.swift in Sources */ = {isa = PBXBuildFile; fileRef = CEBFDF541FE38B7800DC8AA8 /* UIFont+Streaks.swift */; };
		CEBFDF601FE38B7800DC8AA8 /* UIColor+Streaks.swift in Sources */ = {isa = PBXBuildFile; fileRef = CEBFDF551FE38B7800DC8AA8 /* UIColor+Streaks.swift */; };
		CEBFDF611FE38B7800DC8AA8 /* UIImage+Streaks.swift in Sources */ = {isa = PBXBuildFile; fileRef = CEBFDF561FE38B7800DC8AA8 /* UIImage+Streaks.swift */; };
		CEBFDF621FE38B7800DC8AA8 /* UITabBar+Streaks.swift in Sources */ = {isa = PBXBuildFile; fileRef = CEBFDF571FE38B7800DC8AA8 /* UITabBar+Streaks.swift */; };
		CEBFDF631FE38B7800DC8AA8 /* UINavigationController+Streaks.swift in Sources */ = {isa = PBXBuildFile; fileRef = CEBFDF581FE38B7800DC8AA8 /* UINavigationController+Streaks.swift */; };
		CEBFDF641FE38B7800DC8AA8 /* UIBarButtonItem+Streaks.swift in Sources */ = {isa = PBXBuildFile; fileRef = CEBFDF591FE38B7800DC8AA8 /* UIBarButtonItem+Streaks.swift */; };
		CEBFDF651FE38B7800DC8AA8 /* UILabel+Streaks.swift in Sources */ = {isa = PBXBuildFile; fileRef = CEBFDF5A1FE38B7800DC8AA8 /* UILabel+Streaks.swift */; };
		CEBFDF681FE38E8700DC8AA8 /* MainConductor.swift in Sources */ = {isa = PBXBuildFile; fileRef = CEBFDF671FE38E8700DC8AA8 /* MainConductor.swift */; };
		CEBFDF6B1FE38F7E00DC8AA8 /* ActivityViewController.swift in Sources */ = {isa = PBXBuildFile; fileRef = CEBFDF6A1FE38F7E00DC8AA8 /* ActivityViewController.swift */; };
		CEBFDF6D1FE3904A00DC8AA8 /* StatsViewController.swift in Sources */ = {isa = PBXBuildFile; fileRef = CEBFDF6C1FE3904A00DC8AA8 /* StatsViewController.swift */; };
		CEBFDF6F1FE3906700DC8AA8 /* ActivitySettingsViewController.swift in Sources */ = {isa = PBXBuildFile; fileRef = CEBFDF6E1FE3906700DC8AA8 /* ActivitySettingsViewController.swift */; };
		CEBFDF711FE399AF00DC8AA8 /* ActivityConductor.swift in Sources */ = {isa = PBXBuildFile; fileRef = CEBFDF701FE399AF00DC8AA8 /* ActivityConductor.swift */; };
		CEBFDF731FE399CE00DC8AA8 /* StatsConductor.swift in Sources */ = {isa = PBXBuildFile; fileRef = CEBFDF721FE399CE00DC8AA8 /* StatsConductor.swift */; };
		CEBFDF751FE399E300DC8AA8 /* ActivitySettingsConductor.swift in Sources */ = {isa = PBXBuildFile; fileRef = CEBFDF741FE399E300DC8AA8 /* ActivitySettingsConductor.swift */; };
		CEC8AD5620AF956C002B7947 /* ActivityListViewController.swift in Sources */ = {isa = PBXBuildFile; fileRef = CEC8AD5520AF956C002B7947 /* ActivityListViewController.swift */; };
		CEC8AD5820AF9593002B7947 /* ActivityListConductor.swift in Sources */ = {isa = PBXBuildFile; fileRef = CEC8AD5720AF9593002B7947 /* ActivityListConductor.swift */; };
		CEDA59B320B0DA9E00D3EFE7 /* ColorGridViewController.swift in Sources */ = {isa = PBXBuildFile; fileRef = CEDA59B220B0DA9E00D3EFE7 /* ColorGridViewController.swift */; };
		CEDA59B520B0DACA00D3EFE7 /* ColorGridCell.swift in Sources */ = {isa = PBXBuildFile; fileRef = CEDA59B420B0DACA00D3EFE7 /* ColorGridCell.swift */; };
		CEDA59B720B0E14700D3EFE7 /* GlobalSettingsConductor.swift in Sources */ = {isa = PBXBuildFile; fileRef = CEDA59B620B0E14700D3EFE7 /* GlobalSettingsConductor.swift */; };
		CEDA59B920B0E15400D3EFE7 /* GlobalSettingsViewController.swift in Sources */ = {isa = PBXBuildFile; fileRef = CEDA59B820B0E15400D3EFE7 /* GlobalSettingsViewController.swift */; };
		CEDA59BC20B0F35800D3EFE7 /* BaseOperation.swift in Sources */ = {isa = PBXBuildFile; fileRef = CEDA59BB20B0F35800D3EFE7 /* BaseOperation.swift */; };
		CEDA59BE20B0F37100D3EFE7 /* RenameActivityOperation.swift in Sources */ = {isa = PBXBuildFile; fileRef = CEDA59BD20B0F37100D3EFE7 /* RenameActivityOperation.swift */; };
		CEDA59C020B11BD000D3EFE7 /* ActivityPageConductor.swift in Sources */ = {isa = PBXBuildFile; fileRef = CEDA59BF20B11BD000D3EFE7 /* ActivityPageConductor.swift */; };
/* End PBXBuildFile section */

/* Begin PBXFileReference section */
		0A0D4B8E88BBDE7E8D59135D /* Pods-Progress.release.xcconfig */ = {isa = PBXFileReference; includeInIndex = 1; lastKnownFileType = text.xcconfig; name = "Pods-Progress.release.xcconfig"; path = "Pods/Target Support Files/Pods-Progress/Pods-Progress.release.xcconfig"; sourceTree = "<group>"; };
		23925E1A4FDB813A95299327 /* Pods_Streaks.framework */ = {isa = PBXFileReference; explicitFileType = wrapper.framework; includeInIndex = 0; path = Pods_Streaks.framework; sourceTree = BUILT_PRODUCTS_DIR; };
		290FEA6B8E05165FB1B01086 /* Pods-Progress.debug.xcconfig */ = {isa = PBXFileReference; includeInIndex = 1; lastKnownFileType = text.xcconfig; name = "Pods-Progress.debug.xcconfig"; path = "Pods/Target Support Files/Pods-Progress/Pods-Progress.debug.xcconfig"; sourceTree = "<group>"; };
		7255D160EA2097C933D640F0 /* Pods-Streaks.release.xcconfig */ = {isa = PBXFileReference; includeInIndex = 1; lastKnownFileType = text.xcconfig; name = "Pods-Streaks.release.xcconfig"; path = "Pods/Target Support Files/Pods-Streaks/Pods-Streaks.release.xcconfig"; sourceTree = "<group>"; };
		CE09067E1FE75B9B00A388C2 /* CalendarGridViewController.swift */ = {isa = PBXFileReference; lastKnownFileType = sourcecode.swift; path = CalendarGridViewController.swift; sourceTree = "<group>"; };
		CE0E83D620CB3F3500B2D2BA /* Streaks.entitlements */ = {isa = PBXFileReference; lastKnownFileType = text.plist.entitlements; path = Streaks.entitlements; sourceTree = "<group>"; };
		CE0E83D720CB3F3A00B2D2BA /* CloudKit.framework */ = {isa = PBXFileReference; lastKnownFileType = wrapper.framework; name = CloudKit.framework; path = System/Library/Frameworks/CloudKit.framework; sourceTree = SDKROOT; };
		CE0E83DB20CBA12800B2D2BA /* UITableView + ViewAnimator.swift */ = {isa = PBXFileReference; fileEncoding = 4; lastKnownFileType = sourcecode.swift; path = "UITableView + ViewAnimator.swift"; sourceTree = "<group>"; };
		CE0E83DC20CBA12800B2D2BA /* UICollectionView + ViewAnimator.swift */ = {isa = PBXFileReference; fileEncoding = 4; lastKnownFileType = sourcecode.swift; path = "UICollectionView + ViewAnimator.swift"; sourceTree = "<group>"; };
		CE0E83DE20CBA12800B2D2BA /* Utilities.swift */ = {isa = PBXFileReference; fileEncoding = 4; lastKnownFileType = sourcecode.swift; path = Utilities.swift; sourceTree = "<group>"; };
		CE0E83DF20CBA12800B2D2BA /* ViewAnimator.swift */ = {isa = PBXFileReference; fileEncoding = 4; lastKnownFileType = sourcecode.swift; path = ViewAnimator.swift; sourceTree = "<group>"; };
		CE0E83E020CBA12800B2D2BA /* ViewAnimatorConfig.swift */ = {isa = PBXFileReference; fileEncoding = 4; lastKnownFileType = sourcecode.swift; path = ViewAnimatorConfig.swift; sourceTree = "<group>"; };
		CE0E83E220CBA12800B2D2BA /* Animation.swift */ = {isa = PBXFileReference; fileEncoding = 4; lastKnownFileType = sourcecode.swift; path = Animation.swift; sourceTree = "<group>"; };
		CE0E83E420CBA12800B2D2BA /* AnimationType.swift */ = {isa = PBXFileReference; fileEncoding = 4; lastKnownFileType = sourcecode.swift; path = AnimationType.swift; sourceTree = "<group>"; };
		CE0E83E520CBA12800B2D2BA /* Direction.swift */ = {isa = PBXFileReference; fileEncoding = 4; lastKnownFileType = sourcecode.swift; path = Direction.swift; sourceTree = "<group>"; };
		CE0E83EE20CBA95700B2D2BA /* BobRoss.swift */ = {isa = PBXFileReference; lastKnownFileType = sourcecode.swift; path = BobRoss.swift; sourceTree = "<group>"; };
		CE145A4C1FE3812200286BE1 /* Streaks.app */ = {isa = PBXFileReference; explicitFileType = wrapper.application; includeInIndex = 0; path = Streaks.app; sourceTree = BUILT_PRODUCTS_DIR; };
		CE145A4F1FE3812200286BE1 /* AppDelegate.swift */ = {isa = PBXFileReference; lastKnownFileType = sourcecode.swift; path = AppDelegate.swift; sourceTree = "<group>"; };
		CE145A561FE3812200286BE1 /* Assets.xcassets */ = {isa = PBXFileReference; lastKnownFileType = folder.assetcatalog; path = Assets.xcassets; sourceTree = "<group>"; };
		CE145A591FE3812200286BE1 /* Base */ = {isa = PBXFileReference; lastKnownFileType = file.storyboard; name = Base; path = Base.lproj/LaunchScreen.storyboard; sourceTree = "<group>"; };
		CE145A5B1FE3812200286BE1 /* Info.plist */ = {isa = PBXFileReference; lastKnownFileType = text.plist.xml; path = Info.plist; sourceTree = "<group>"; };
		CE145A611FE387BE00286BE1 /* AppRouter.swift */ = {isa = PBXFileReference; lastKnownFileType = sourcecode.swift; path = AppRouter.swift; sourceTree = "<group>"; };
		CE1CA59020D231B000AFA53F /* ElementConfigs.swift */ = {isa = PBXFileReference; fileEncoding = 4; lastKnownFileType = sourcecode.swift; path = ElementConfigs.swift; sourceTree = "<group>"; };
		CE23B05F20AE95070071C5DC /* Streaks.xcdatamodel */ = {isa = PBXFileReference; lastKnownFileType = wrapper.xcdatamodel; path = Streaks.xcdatamodel; sourceTree = "<group>"; };
		CE23B06120AE95910071C5DC /* ProgressDataLayer.swift */ = {isa = PBXFileReference; lastKnownFileType = sourcecode.swift; path = ProgressDataLayer.swift; sourceTree = "<group>"; };
		CE23B06320AEB33C0071C5DC /* MarkerViewController.swift */ = {isa = PBXFileReference; lastKnownFileType = sourcecode.swift; path = MarkerViewController.swift; sourceTree = "<group>"; };
		CE23B06520AEB9D30071C5DC /* MarkerConductor.swift */ = {isa = PBXFileReference; lastKnownFileType = sourcecode.swift; path = MarkerConductor.swift; sourceTree = "<group>"; };
		CE30D02720BB8F6D008C38D7 /* Streaks_v2.xcdatamodel */ = {isa = PBXFileReference; lastKnownFileType = wrapper.xcdatamodel; path = Streaks_v2.xcdatamodel; sourceTree = "<group>"; };
		CE74461D20DC74FD00739B61 /* ActivityComposerViewController.swift */ = {isa = PBXFileReference; lastKnownFileType = sourcecode.swift; path = ActivityComposerViewController.swift; sourceTree = "<group>"; };
		CE74461F20DC754F00739B61 /* ActivityComposerConductor.swift */ = {isa = PBXFileReference; lastKnownFileType = sourcecode.swift; path = ActivityComposerConductor.swift; sourceTree = "<group>"; };
		CE8CA0EC1FF197810040C3AF /* CalendarGridCell.swift */ = {isa = PBXFileReference; lastKnownFileType = sourcecode.swift; path = CalendarGridCell.swift; sourceTree = "<group>"; };
		CE8CA0EE1FF1979C0040C3AF /* CalendarGridFooter.swift */ = {isa = PBXFileReference; lastKnownFileType = sourcecode.swift; path = CalendarGridFooter.swift; sourceTree = "<group>"; };
		CE8CA0F01FF20D8F0040C3AF /* CalendarWeekdayHeaderViewController.swift */ = {isa = PBXFileReference; lastKnownFileType = sourcecode.swift; path = CalendarWeekdayHeaderViewController.swift; sourceTree = "<group>"; };
		CEA1F28620B00A8F00CB378C /* TwoTextFieldsViewController.swift */ = {isa = PBXFileReference; fileEncoding = 4; lastKnownFileType = sourcecode.swift; path = TwoTextFieldsViewController.swift; sourceTree = "<group>"; };
		CEA1F28720B00A8F00CB378C /* OneTextFieldViewController.swift */ = {isa = PBXFileReference; fileEncoding = 4; lastKnownFileType = sourcecode.swift; path = OneTextFieldViewController.swift; sourceTree = "<group>"; };
		CEA1F29520B00A8F00CB378C /* PickerViewViewController.swift */ = {isa = PBXFileReference; fileEncoding = 4; lastKnownFileType = sourcecode.swift; path = PickerViewViewController.swift; sourceTree = "<group>"; };
		CEA1F29F20B00A9000CB378C /* ColorPickerViewController.swift */ = {isa = PBXFileReference; fileEncoding = 4; lastKnownFileType = sourcecode.swift; path = ColorPickerViewController.swift; sourceTree = "<group>"; };
		CEA1F2A120B00A9000CB378C /* DatePickerViewController.swift */ = {isa = PBXFileReference; fileEncoding = 4; lastKnownFileType = sourcecode.swift; path = DatePickerViewController.swift; sourceTree = "<group>"; };
		CEA1F2AE20B00A9000CB378C /* Array+Extensions.swift */ = {isa = PBXFileReference; fileEncoding = 4; lastKnownFileType = sourcecode.swift; path = "Array+Extensions.swift"; sourceTree = "<group>"; };
		CEA1F2AF20B00A9000CB378C /* UISegmentedControl+Extensions.swift */ = {isa = PBXFileReference; fileEncoding = 4; lastKnownFileType = sourcecode.swift; path = "UISegmentedControl+Extensions.swift"; sourceTree = "<group>"; };
		CEA1F2B120B00A9000CB378C /* UIViewController+Extensions.swift */ = {isa = PBXFileReference; fileEncoding = 4; lastKnownFileType = sourcecode.swift; path = "UIViewController+Extensions.swift"; sourceTree = "<group>"; };
		CEA1F2B220B00A9000CB378C /* UIView+Extensions.swift */ = {isa = PBXFileReference; fileEncoding = 4; lastKnownFileType = sourcecode.swift; path = "UIView+Extensions.swift"; sourceTree = "<group>"; };
		CEA1F2B320B00A9000CB378C /* Date+Extension.swift */ = {isa = PBXFileReference; fileEncoding = 4; lastKnownFileType = sourcecode.swift; path = "Date+Extension.swift"; sourceTree = "<group>"; };
		CEA1F2B420B00A9000CB378C /* String+Extensions.swift */ = {isa = PBXFileReference; fileEncoding = 4; lastKnownFileType = sourcecode.swift; path = "String+Extensions.swift"; sourceTree = "<group>"; };
		CEA1F2B520B00A9000CB378C /* UITextView+Extensions.swift */ = {isa = PBXFileReference; fileEncoding = 4; lastKnownFileType = sourcecode.swift; path = "UITextView+Extensions.swift"; sourceTree = "<group>"; };
		CEA1F2B620B00A9000CB378C /* UIColor+Extensions.swift */ = {isa = PBXFileReference; fileEncoding = 4; lastKnownFileType = sourcecode.swift; path = "UIColor+Extensions.swift"; sourceTree = "<group>"; };
		CEA1F2B720B00A9000CB378C /* UIImage+Extensions.swift */ = {isa = PBXFileReference; fileEncoding = 4; lastKnownFileType = sourcecode.swift; path = "UIImage+Extensions.swift"; sourceTree = "<group>"; };
		CEA1F2B820B00A9000CB378C /* UISearchBar+Extensions.swift */ = {isa = PBXFileReference; fileEncoding = 4; lastKnownFileType = sourcecode.swift; path = "UISearchBar+Extensions.swift"; sourceTree = "<group>"; };
		CEA1F2B920B00A9000CB378C /* UIApplication+Extensions.swift */ = {isa = PBXFileReference; fileEncoding = 4; lastKnownFileType = sourcecode.swift; path = "UIApplication+Extensions.swift"; sourceTree = "<group>"; };
		CEA1F2BA20B00A9000CB378C /* UIAlertController+Extensions.swift */ = {isa = PBXFileReference; fileEncoding = 4; lastKnownFileType = sourcecode.swift; path = "UIAlertController+Extensions.swift"; sourceTree = "<group>"; };
		CEA1F2BB20B00A9000CB378C /* Optional+Extensions.swift */ = {isa = PBXFileReference; fileEncoding = 4; lastKnownFileType = sourcecode.swift; path = "Optional+Extensions.swift"; sourceTree = "<group>"; };
		CEA1F2BC20B00A9000CB378C /* Common+Extensions.swift */ = {isa = PBXFileReference; fileEncoding = 4; lastKnownFileType = sourcecode.swift; path = "Common+Extensions.swift"; sourceTree = "<group>"; };
		CEA1F2BE20B00A9000CB378C /* UITextField+Extensions.swift */ = {isa = PBXFileReference; fileEncoding = 4; lastKnownFileType = sourcecode.swift; path = "UITextField+Extensions.swift"; sourceTree = "<group>"; };
		CEA1F2C120B00A9000CB378C /* AttributedTextBlock.swift */ = {isa = PBXFileReference; fileEncoding = 4; lastKnownFileType = sourcecode.swift; path = AttributedTextBlock.swift; sourceTree = "<group>"; };
		CEA1F2C220B00A9000CB378C /* TextViewController.swift */ = {isa = PBXFileReference; fileEncoding = 4; lastKnownFileType = sourcecode.swift; path = TextViewController.swift; sourceTree = "<group>"; };
		CEA1F2C420B00A9000CB378C /* Label.swift */ = {isa = PBXFileReference; fileEncoding = 4; lastKnownFileType = sourcecode.swift; path = Label.swift; sourceTree = "<group>"; };
		CEA1F2C520B00A9000CB378C /* SegmentedControl.swift */ = {isa = PBXFileReference; fileEncoding = 4; lastKnownFileType = sourcecode.swift; path = SegmentedControl.swift; sourceTree = "<group>"; };
		CEA1F2C620B00A9000CB378C /* GradientSlider.swift */ = {isa = PBXFileReference; fileEncoding = 4; lastKnownFileType = sourcecode.swift; path = GradientSlider.swift; sourceTree = "<group>"; };
		CEA1F2C720B00A9000CB378C /* TextField.swift */ = {isa = PBXFileReference; fileEncoding = 4; lastKnownFileType = sourcecode.swift; path = TextField.swift; sourceTree = "<group>"; };
		CEA1F2C820B00A9000CB378C /* Button.swift */ = {isa = PBXFileReference; fileEncoding = 4; lastKnownFileType = sourcecode.swift; path = Button.swift; sourceTree = "<group>"; };
		CEBFDF371FE38AAE00DC8AA8 /* Gotham-XLight.otf */ = {isa = PBXFileReference; lastKnownFileType = file; path = "Gotham-XLight.otf"; sourceTree = "<group>"; };
		CEBFDF381FE38AAE00DC8AA8 /* Gotham-Black.otf */ = {isa = PBXFileReference; lastKnownFileType = file; path = "Gotham-Black.otf"; sourceTree = "<group>"; };
		CEBFDF391FE38AAE00DC8AA8 /* Gotham-XLightItalic.otf */ = {isa = PBXFileReference; lastKnownFileType = file; path = "Gotham-XLightItalic.otf"; sourceTree = "<group>"; };
		CEBFDF3A1FE38AAE00DC8AA8 /* Gotham-Medium.otf */ = {isa = PBXFileReference; lastKnownFileType = file; path = "Gotham-Medium.otf"; sourceTree = "<group>"; };
		CEBFDF3B1FE38AAE00DC8AA8 /* Gotham-Book.otf */ = {isa = PBXFileReference; lastKnownFileType = file; path = "Gotham-Book.otf"; sourceTree = "<group>"; };
		CEBFDF3C1FE38AAE00DC8AA8 /* Gotham-Bold.otf */ = {isa = PBXFileReference; lastKnownFileType = file; path = "Gotham-Bold.otf"; sourceTree = "<group>"; };
		CEBFDF3D1FE38AAE00DC8AA8 /* Gotham-LightItalic.otf */ = {isa = PBXFileReference; lastKnownFileType = file; path = "Gotham-LightItalic.otf"; sourceTree = "<group>"; };
		CEBFDF3E1FE38AAE00DC8AA8 /* Gotham-Light.otf */ = {isa = PBXFileReference; lastKnownFileType = file; path = "Gotham-Light.otf"; sourceTree = "<group>"; };
		CEBFDF3F1FE38AAE00DC8AA8 /* Gotham-BoldItalic.otf */ = {isa = PBXFileReference; lastKnownFileType = file; path = "Gotham-BoldItalic.otf"; sourceTree = "<group>"; };
		CEBFDF401FE38AAE00DC8AA8 /* Gotham-BookItalic.otf */ = {isa = PBXFileReference; lastKnownFileType = file; path = "Gotham-BookItalic.otf"; sourceTree = "<group>"; };
		CEBFDF411FE38AAE00DC8AA8 /* Gotham-BlackItalic.otf */ = {isa = PBXFileReference; lastKnownFileType = file; path = "Gotham-BlackItalic.otf"; sourceTree = "<group>"; };
		CEBFDF421FE38AAE00DC8AA8 /* Gotham-MediumItalic.otf */ = {isa = PBXFileReference; lastKnownFileType = file; path = "Gotham-MediumItalic.otf"; sourceTree = "<group>"; };
		CEBFDF501FE38B7800DC8AA8 /* UIViewController+Streaks.swift */ = {isa = PBXFileReference; fileEncoding = 4; lastKnownFileType = sourcecode.swift; path = "UIViewController+Streaks.swift"; sourceTree = "<group>"; };
		CEBFDF511FE38B7800DC8AA8 /* UIButton+Streaks.swift */ = {isa = PBXFileReference; fileEncoding = 4; lastKnownFileType = sourcecode.swift; path = "UIButton+Streaks.swift"; sourceTree = "<group>"; };
		CEBFDF521FE38B7800DC8AA8 /* UIView+Streaks.swift */ = {isa = PBXFileReference; fileEncoding = 4; lastKnownFileType = sourcecode.swift; path = "UIView+Streaks.swift"; sourceTree = "<group>"; };
		CEBFDF531FE38B7800DC8AA8 /* String+Streaks.swift */ = {isa = PBXFileReference; fileEncoding = 4; lastKnownFileType = sourcecode.swift; path = "String+Streaks.swift"; sourceTree = "<group>"; };
		CEBFDF541FE38B7800DC8AA8 /* UIFont+Streaks.swift */ = {isa = PBXFileReference; fileEncoding = 4; lastKnownFileType = sourcecode.swift; path = "UIFont+Streaks.swift"; sourceTree = "<group>"; };
		CEBFDF551FE38B7800DC8AA8 /* UIColor+Streaks.swift */ = {isa = PBXFileReference; fileEncoding = 4; lastKnownFileType = sourcecode.swift; path = "UIColor+Streaks.swift"; sourceTree = "<group>"; };
		CEBFDF561FE38B7800DC8AA8 /* UIImage+Streaks.swift */ = {isa = PBXFileReference; fileEncoding = 4; lastKnownFileType = sourcecode.swift; path = "UIImage+Streaks.swift"; sourceTree = "<group>"; };
		CEBFDF571FE38B7800DC8AA8 /* UITabBar+Streaks.swift */ = {isa = PBXFileReference; fileEncoding = 4; lastKnownFileType = sourcecode.swift; path = "UITabBar+Streaks.swift"; sourceTree = "<group>"; };
		CEBFDF581FE38B7800DC8AA8 /* UINavigationController+Streaks.swift */ = {isa = PBXFileReference; fileEncoding = 4; lastKnownFileType = sourcecode.swift; path = "UINavigationController+Streaks.swift"; sourceTree = "<group>"; };
		CEBFDF591FE38B7800DC8AA8 /* UIBarButtonItem+Streaks.swift */ = {isa = PBXFileReference; fileEncoding = 4; lastKnownFileType = sourcecode.swift; path = "UIBarButtonItem+Streaks.swift"; sourceTree = "<group>"; };
		CEBFDF5A1FE38B7800DC8AA8 /* UILabel+Streaks.swift */ = {isa = PBXFileReference; fileEncoding = 4; lastKnownFileType = sourcecode.swift; path = "UILabel+Streaks.swift"; sourceTree = "<group>"; };
		CEBFDF671FE38E8700DC8AA8 /* MainConductor.swift */ = {isa = PBXFileReference; lastKnownFileType = sourcecode.swift; name = MainConductor.swift; path = Progress/Conductors/MainConductor.swift; sourceTree = SOURCE_ROOT; };
		CEBFDF6A1FE38F7E00DC8AA8 /* ActivityViewController.swift */ = {isa = PBXFileReference; fileEncoding = 4; lastKnownFileType = sourcecode.swift; name = ActivityViewController.swift; path = Progress/ViewControllers/ActivityViewController.swift; sourceTree = SOURCE_ROOT; };
		CEBFDF6C1FE3904A00DC8AA8 /* StatsViewController.swift */ = {isa = PBXFileReference; lastKnownFileType = sourcecode.swift; name = StatsViewController.swift; path = Progress/ViewControllers/StatsViewController.swift; sourceTree = SOURCE_ROOT; };
		CEBFDF6E1FE3906700DC8AA8 /* ActivitySettingsViewController.swift */ = {isa = PBXFileReference; lastKnownFileType = sourcecode.swift; name = ActivitySettingsViewController.swift; path = Progress/ViewControllers/ActivitySettingsViewController.swift; sourceTree = SOURCE_ROOT; };
		CEBFDF701FE399AF00DC8AA8 /* ActivityConductor.swift */ = {isa = PBXFileReference; lastKnownFileType = sourcecode.swift; name = ActivityConductor.swift; path = Progress/Conductors/ActivityConductor.swift; sourceTree = SOURCE_ROOT; };
		CEBFDF721FE399CE00DC8AA8 /* StatsConductor.swift */ = {isa = PBXFileReference; lastKnownFileType = sourcecode.swift; name = StatsConductor.swift; path = Progress/Conductors/StatsConductor.swift; sourceTree = SOURCE_ROOT; };
		CEBFDF741FE399E300DC8AA8 /* ActivitySettingsConductor.swift */ = {isa = PBXFileReference; lastKnownFileType = sourcecode.swift; name = ActivitySettingsConductor.swift; path = Progress/Conductors/ActivitySettingsConductor.swift; sourceTree = SOURCE_ROOT; };
		CEC8AD5520AF956C002B7947 /* ActivityListViewController.swift */ = {isa = PBXFileReference; lastKnownFileType = sourcecode.swift; path = ActivityListViewController.swift; sourceTree = "<group>"; };
		CEC8AD5720AF9593002B7947 /* ActivityListConductor.swift */ = {isa = PBXFileReference; lastKnownFileType = sourcecode.swift; path = ActivityListConductor.swift; sourceTree = "<group>"; };
		CEDA59B220B0DA9E00D3EFE7 /* ColorGridViewController.swift */ = {isa = PBXFileReference; lastKnownFileType = sourcecode.swift; path = ColorGridViewController.swift; sourceTree = "<group>"; };
		CEDA59B420B0DACA00D3EFE7 /* ColorGridCell.swift */ = {isa = PBXFileReference; lastKnownFileType = sourcecode.swift; path = ColorGridCell.swift; sourceTree = "<group>"; };
		CEDA59B620B0E14700D3EFE7 /* GlobalSettingsConductor.swift */ = {isa = PBXFileReference; lastKnownFileType = sourcecode.swift; path = GlobalSettingsConductor.swift; sourceTree = "<group>"; };
		CEDA59B820B0E15400D3EFE7 /* GlobalSettingsViewController.swift */ = {isa = PBXFileReference; lastKnownFileType = sourcecode.swift; path = GlobalSettingsViewController.swift; sourceTree = "<group>"; };
		CEDA59BB20B0F35800D3EFE7 /* BaseOperation.swift */ = {isa = PBXFileReference; lastKnownFileType = sourcecode.swift; path = BaseOperation.swift; sourceTree = "<group>"; };
		CEDA59BD20B0F37100D3EFE7 /* RenameActivityOperation.swift */ = {isa = PBXFileReference; lastKnownFileType = sourcecode.swift; path = RenameActivityOperation.swift; sourceTree = "<group>"; };
		CEDA59BF20B11BD000D3EFE7 /* ActivityPageConductor.swift */ = {isa = PBXFileReference; lastKnownFileType = sourcecode.swift; path = ActivityPageConductor.swift; sourceTree = "<group>"; };
		D52441EBC8F70B1546028A47 /* Pods-Streaks.debug.xcconfig */ = {isa = PBXFileReference; includeInIndex = 1; lastKnownFileType = text.xcconfig; name = "Pods-Streaks.debug.xcconfig"; path = "Pods/Target Support Files/Pods-Streaks/Pods-Streaks.debug.xcconfig"; sourceTree = "<group>"; };
/* End PBXFileReference section */

/* Begin PBXFrameworksBuildPhase section */
		CE145A491FE3812200286BE1 /* Frameworks */ = {
			isa = PBXFrameworksBuildPhase;
			buildActionMask = 2147483647;
			files = (
				C82FB8D30BF1175A43B0ED33 /* Pods_Streaks.framework in Frameworks */,
				CE0E83D820CB3F3A00B2D2BA /* CloudKit.framework in Frameworks */,
			);
			runOnlyForDeploymentPostprocessing = 0;
		};
/* End PBXFrameworksBuildPhase section */

/* Begin PBXGroup section */
		0EA09E5486CA06A23EDB6F8A /* Frameworks */ = {
			isa = PBXGroup;
			children = (
				CE0E83D720CB3F3A00B2D2BA /* CloudKit.framework */,
				23925E1A4FDB813A95299327 /* Pods_Streaks.framework */,
			);
			name = Frameworks;
			sourceTree = "<group>";
		};
		CE0E83D920CBA11800B2D2BA /* ViewAnimator */ = {
			isa = PBXGroup;
			children = (
				CE0E83DA20CBA12800B2D2BA /* Extensions */,
				CE0E83E320CBA12800B2D2BA /* Models */,
				CE0E83E120CBA12800B2D2BA /* Protocols */,
				CE0E83DD20CBA12800B2D2BA /* Utilities */,
				CE0E83DF20CBA12800B2D2BA /* ViewAnimator.swift */,
				CE0E83E020CBA12800B2D2BA /* ViewAnimatorConfig.swift */,
			);
			name = ViewAnimator;
			path = Progress/ViewAnimator;
			sourceTree = "<group>";
		};
		CE0E83DA20CBA12800B2D2BA /* Extensions */ = {
			isa = PBXGroup;
			children = (
				CE0E83DB20CBA12800B2D2BA /* UITableView + ViewAnimator.swift */,
				CE0E83DC20CBA12800B2D2BA /* UICollectionView + ViewAnimator.swift */,
			);
			path = Extensions;
			sourceTree = "<group>";
		};
		CE0E83DD20CBA12800B2D2BA /* Utilities */ = {
			isa = PBXGroup;
			children = (
				CE0E83DE20CBA12800B2D2BA /* Utilities.swift */,
			);
			path = Utilities;
			sourceTree = "<group>";
		};
		CE0E83E120CBA12800B2D2BA /* Protocols */ = {
			isa = PBXGroup;
			children = (
				CE0E83E220CBA12800B2D2BA /* Animation.swift */,
			);
			path = Protocols;
			sourceTree = "<group>";
		};
		CE0E83E320CBA12800B2D2BA /* Models */ = {
			isa = PBXGroup;
			children = (
				CE0E83E420CBA12800B2D2BA /* AnimationType.swift */,
				CE0E83E520CBA12800B2D2BA /* Direction.swift */,
			);
			path = Models;
			sourceTree = "<group>";
		};
		CE145A431FE3812200286BE1 = {
			isa = PBXGroup;
			children = (
				CEA1F27820B00A6800CB378C /* AlertsAndPickers */,
				CE8CA0EB1FF197530040C3AF /* Cells */,
				CEBFDF661FE38E6A00DC8AA8 /* Conductors */,
				CE23B05D20AE94DD0071C5DC /* CoreData */,
				CEBFDF761FE39A0E00DC8AA8 /* ElementConfigs */,
				CEBFDF4F1FE38B7800DC8AA8 /* Extensions */,
				0EA09E5486CA06A23EDB6F8A /* Frameworks */,
				CEDA59BA20B0F34E00D3EFE7 /* Operations */,
				EB7AA54EC3DB057A478A53D5 /* Pods */,
				CE145A4D1FE3812200286BE1 /* Products */,
				CE145A4E1FE3812200286BE1 /* Progress */,
				CEBFDF361FE38AAE00DC8AA8 /* Resources */,
				CE0E83D620CB3F3500B2D2BA /* Streaks.entitlements */,
				CE0E83D920CBA11800B2D2BA /* ViewAnimator */,
				CEBFDF691FE38F6000DC8AA8 /* ViewControllers */,
			);
			sourceTree = "<group>";
		};
		CE145A4D1FE3812200286BE1 /* Products */ = {
			isa = PBXGroup;
			children = (
				CE145A4C1FE3812200286BE1 /* Streaks.app */,
			);
			name = Products;
			sourceTree = "<group>";
		};
		CE145A4E1FE3812200286BE1 /* Progress */ = {
			isa = PBXGroup;
			children = (
				CE145A4F1FE3812200286BE1 /* AppDelegate.swift */,
				CE145A561FE3812200286BE1 /* Assets.xcassets */,
				CE145A581FE3812200286BE1 /* LaunchScreen.storyboard */,
				CE145A5B1FE3812200286BE1 /* Info.plist */,
				CE145A611FE387BE00286BE1 /* AppRouter.swift */,
			);
			path = Progress;
			sourceTree = "<group>";
		};
		CE23B05D20AE94DD0071C5DC /* CoreData */ = {
			isa = PBXGroup;
			children = (
				CE23B05E20AE95070071C5DC /* Streaks.xcdatamodeld */,
				CE23B06120AE95910071C5DC /* ProgressDataLayer.swift */,
			);
			name = CoreData;
			path = Progress/CoreData;
			sourceTree = "<group>";
		};
		CE8CA0EB1FF197530040C3AF /* Cells */ = {
			isa = PBXGroup;
			children = (
				CE8CA0EC1FF197810040C3AF /* CalendarGridCell.swift */,
				CE8CA0EE1FF1979C0040C3AF /* CalendarGridFooter.swift */,
				CEDA59B420B0DACA00D3EFE7 /* ColorGridCell.swift */,
			);
			name = Cells;
			path = Progress/Cells;
			sourceTree = "<group>";
		};
		CEA1F27820B00A6800CB378C /* AlertsAndPickers */ = {
			isa = PBXGroup;
			children = (
				CEA1F2AD20B00A9000CB378C /* Extensions */,
				CEA1F27920B00A8F00CB378C /* Pickers */,
				CEA1F2BF20B00A9000CB378C /* Viewers */,
				CEA1F2C320B00A9000CB378C /* Views */,
			);
			name = AlertsAndPickers;
			path = Progress/AlertsAndPickers;
			sourceTree = "<group>";
		};
		CEA1F27920B00A8F00CB378C /* Pickers */ = {
			isa = PBXGroup;
			children = (
				CEA1F28520B00A8F00CB378C /* TextFields */,
				CEA1F29420B00A8F00CB378C /* PickerView */,
				CEA1F29E20B00A9000CB378C /* Color */,
				CEA1F2A020B00A9000CB378C /* Date */,
			);
			path = Pickers;
			sourceTree = "<group>";
		};
		CEA1F28520B00A8F00CB378C /* TextFields */ = {
			isa = PBXGroup;
			children = (
				CEA1F28620B00A8F00CB378C /* TwoTextFieldsViewController.swift */,
				CEA1F28720B00A8F00CB378C /* OneTextFieldViewController.swift */,
			);
			path = TextFields;
			sourceTree = "<group>";
		};
		CEA1F29420B00A8F00CB378C /* PickerView */ = {
			isa = PBXGroup;
			children = (
				CEA1F29520B00A8F00CB378C /* PickerViewViewController.swift */,
			);
			path = PickerView;
			sourceTree = "<group>";
		};
		CEA1F29E20B00A9000CB378C /* Color */ = {
			isa = PBXGroup;
			children = (
				CEA1F29F20B00A9000CB378C /* ColorPickerViewController.swift */,
			);
			path = Color;
			sourceTree = "<group>";
		};
		CEA1F2A020B00A9000CB378C /* Date */ = {
			isa = PBXGroup;
			children = (
				CEA1F2A120B00A9000CB378C /* DatePickerViewController.swift */,
			);
			path = Date;
			sourceTree = "<group>";
		};
		CEA1F2AD20B00A9000CB378C /* Extensions */ = {
			isa = PBXGroup;
			children = (
				CEA1F2AE20B00A9000CB378C /* Array+Extensions.swift */,
				CEA1F2AF20B00A9000CB378C /* UISegmentedControl+Extensions.swift */,
				CEA1F2B120B00A9000CB378C /* UIViewController+Extensions.swift */,
				CEA1F2B220B00A9000CB378C /* UIView+Extensions.swift */,
				CEA1F2B320B00A9000CB378C /* Date+Extension.swift */,
				CEA1F2B420B00A9000CB378C /* String+Extensions.swift */,
				CEA1F2B520B00A9000CB378C /* UITextView+Extensions.swift */,
				CEA1F2B620B00A9000CB378C /* UIColor+Extensions.swift */,
				CEA1F2B720B00A9000CB378C /* UIImage+Extensions.swift */,
				CEA1F2B820B00A9000CB378C /* UISearchBar+Extensions.swift */,
				CEA1F2B920B00A9000CB378C /* UIApplication+Extensions.swift */,
				CEA1F2BA20B00A9000CB378C /* UIAlertController+Extensions.swift */,
				CEA1F2BB20B00A9000CB378C /* Optional+Extensions.swift */,
				CEA1F2BC20B00A9000CB378C /* Common+Extensions.swift */,
				CEA1F2BE20B00A9000CB378C /* UITextField+Extensions.swift */,
			);
			path = Extensions;
			sourceTree = "<group>";
		};
		CEA1F2BF20B00A9000CB378C /* Viewers */ = {
			isa = PBXGroup;
			children = (
				CEA1F2C020B00A9000CB378C /* Models */,
				CEA1F2C220B00A9000CB378C /* TextViewController.swift */,
			);
			path = Viewers;
			sourceTree = "<group>";
		};
		CEA1F2C020B00A9000CB378C /* Models */ = {
			isa = PBXGroup;
			children = (
				CEA1F2C120B00A9000CB378C /* AttributedTextBlock.swift */,
			);
			path = Models;
			sourceTree = "<group>";
		};
		CEA1F2C320B00A9000CB378C /* Views */ = {
			isa = PBXGroup;
			children = (
				CEA1F2C420B00A9000CB378C /* Label.swift */,
				CEA1F2C520B00A9000CB378C /* SegmentedControl.swift */,
				CEA1F2C620B00A9000CB378C /* GradientSlider.swift */,
				CEA1F2C720B00A9000CB378C /* TextField.swift */,
				CEA1F2C820B00A9000CB378C /* Button.swift */,
			);
			path = Views;
			sourceTree = "<group>";
		};
		CEBFDF361FE38AAE00DC8AA8 /* Resources */ = {
			isa = PBXGroup;
			children = (
				CEBFDF371FE38AAE00DC8AA8 /* Gotham-XLight.otf */,
				CEBFDF381FE38AAE00DC8AA8 /* Gotham-Black.otf */,
				CEBFDF391FE38AAE00DC8AA8 /* Gotham-XLightItalic.otf */,
				CEBFDF3A1FE38AAE00DC8AA8 /* Gotham-Medium.otf */,
				CEBFDF3B1FE38AAE00DC8AA8 /* Gotham-Book.otf */,
				CEBFDF3C1FE38AAE00DC8AA8 /* Gotham-Bold.otf */,
				CEBFDF3D1FE38AAE00DC8AA8 /* Gotham-LightItalic.otf */,
				CEBFDF3E1FE38AAE00DC8AA8 /* Gotham-Light.otf */,
				CEBFDF3F1FE38AAE00DC8AA8 /* Gotham-BoldItalic.otf */,
				CEBFDF401FE38AAE00DC8AA8 /* Gotham-BookItalic.otf */,
				CEBFDF411FE38AAE00DC8AA8 /* Gotham-BlackItalic.otf */,
				CEBFDF421FE38AAE00DC8AA8 /* Gotham-MediumItalic.otf */,
				CE0E83EE20CBA95700B2D2BA /* BobRoss.swift */,
			);
			name = Resources;
			path = Progress/Resources;
			sourceTree = "<group>";
		};
		CEBFDF4F1FE38B7800DC8AA8 /* Extensions */ = {
			isa = PBXGroup;
			children = (
				CEBFDF501FE38B7800DC8AA8 /* UIViewController+Streaks.swift */,
				CEBFDF511FE38B7800DC8AA8 /* UIButton+Streaks.swift */,
				CEBFDF521FE38B7800DC8AA8 /* UIView+Streaks.swift */,
				CEBFDF531FE38B7800DC8AA8 /* String+Streaks.swift */,
				CEBFDF541FE38B7800DC8AA8 /* UIFont+Streaks.swift */,
				CEBFDF551FE38B7800DC8AA8 /* UIColor+Streaks.swift */,
				CEBFDF561FE38B7800DC8AA8 /* UIImage+Streaks.swift */,
				CEBFDF571FE38B7800DC8AA8 /* UITabBar+Streaks.swift */,
				CEBFDF581FE38B7800DC8AA8 /* UINavigationController+Streaks.swift */,
				CEBFDF591FE38B7800DC8AA8 /* UIBarButtonItem+Streaks.swift */,
				CEBFDF5A1FE38B7800DC8AA8 /* UILabel+Streaks.swift */,
			);
			name = Extensions;
			path = Progress/Extensions;
			sourceTree = "<group>";
		};
		CEBFDF661FE38E6A00DC8AA8 /* Conductors */ = {
			isa = PBXGroup;
			children = (
				CEBFDF671FE38E8700DC8AA8 /* MainConductor.swift */,
				CEBFDF701FE399AF00DC8AA8 /* ActivityConductor.swift */,
				CEBFDF721FE399CE00DC8AA8 /* StatsConductor.swift */,
				CEBFDF741FE399E300DC8AA8 /* ActivitySettingsConductor.swift */,
				CEDA59B620B0E14700D3EFE7 /* GlobalSettingsConductor.swift */,
				CE23B06520AEB9D30071C5DC /* MarkerConductor.swift */,
				CEC8AD5720AF9593002B7947 /* ActivityListConductor.swift */,
				CEDA59BF20B11BD000D3EFE7 /* ActivityPageConductor.swift */,
				CE74461F20DC754F00739B61 /* ActivityComposerConductor.swift */,
			);
			name = Conductors;
			path = Progress/Conductors;
			sourceTree = "<group>";
		};
		CEBFDF691FE38F6000DC8AA8 /* ViewControllers */ = {
			isa = PBXGroup;
			children = (
				CEBFDF6A1FE38F7E00DC8AA8 /* ActivityViewController.swift */,
				CEBFDF6C1FE3904A00DC8AA8 /* StatsViewController.swift */,
				CEBFDF6E1FE3906700DC8AA8 /* ActivitySettingsViewController.swift */,
				CE09067E1FE75B9B00A388C2 /* CalendarGridViewController.swift */,
				CE8CA0F01FF20D8F0040C3AF /* CalendarWeekdayHeaderViewController.swift */,
				CE23B06320AEB33C0071C5DC /* MarkerViewController.swift */,
				CEC8AD5520AF956C002B7947 /* ActivityListViewController.swift */,
				CEDA59B220B0DA9E00D3EFE7 /* ColorGridViewController.swift */,
				CEDA59B820B0E15400D3EFE7 /* GlobalSettingsViewController.swift */,
				CE74461D20DC74FD00739B61 /* ActivityComposerViewController.swift */,
			);
			name = ViewControllers;
			path = Progress/ViewControllers;
			sourceTree = "<group>";
		};
		CEBFDF761FE39A0E00DC8AA8 /* ElementConfigs */ = {
			isa = PBXGroup;
			children = (
				CE1CA59020D231B000AFA53F /* ElementConfigs.swift */,
			);
			name = ElementConfigs;
			path = Progress/ElementConfigs;
			sourceTree = "<group>";
		};
		CEDA59BA20B0F34E00D3EFE7 /* Operations */ = {
			isa = PBXGroup;
			children = (
				CEDA59BB20B0F35800D3EFE7 /* BaseOperation.swift */,
				CEDA59BD20B0F37100D3EFE7 /* RenameActivityOperation.swift */,
			);
			name = Operations;
			path = Progress/Operations;
			sourceTree = "<group>";
		};
		EB7AA54EC3DB057A478A53D5 /* Pods */ = {
			isa = PBXGroup;
			children = (
				290FEA6B8E05165FB1B01086 /* Pods-Progress.debug.xcconfig */,
				0A0D4B8E88BBDE7E8D59135D /* Pods-Progress.release.xcconfig */,
				D52441EBC8F70B1546028A47 /* Pods-Streaks.debug.xcconfig */,
				7255D160EA2097C933D640F0 /* Pods-Streaks.release.xcconfig */,
			);
			name = Pods;
			sourceTree = "<group>";
		};
/* End PBXGroup section */

/* Begin PBXNativeTarget section */
		CE145A4B1FE3812200286BE1 /* Streaks */ = {
			isa = PBXNativeTarget;
			buildConfigurationList = CE145A5E1FE3812200286BE1 /* Build configuration list for PBXNativeTarget "Streaks" */;
			buildPhases = (
				6995F75D54ED8B3F4CAAB3F4 /* [CP] Check Pods Manifest.lock */,
				CE145A481FE3812200286BE1 /* Sources */,
				CE145A491FE3812200286BE1 /* Frameworks */,
				CE145A4A1FE3812200286BE1 /* Resources */,
				344CC430C4B817E3593C664F /* [CP] Embed Pods Frameworks */,
				EECEEAD0F02E78F85B385815 /* [CP] Copy Pods Resources */,
			);
			buildRules = (
			);
			dependencies = (
			);
			name = Streaks;
			productName = Progress;
			productReference = CE145A4C1FE3812200286BE1 /* Streaks.app */;
			productType = "com.apple.product-type.application";
		};
/* End PBXNativeTarget section */

/* Begin PBXProject section */
		CE145A441FE3812200286BE1 /* Project object */ = {
			isa = PBXProject;
			attributes = {
				LastSwiftUpdateCheck = 0920;
				LastUpgradeCheck = 0930;
				ORGANIZATIONNAME = "Gregory Klein";
				TargetAttributes = {
					CE145A4B1FE3812200286BE1 = {
						CreatedOnToolsVersion = 9.2;
						ProvisioningStyle = Automatic;
						SystemCapabilities = {
							com.apple.Push = {
								enabled = 1;
							};
							com.apple.iCloud = {
								enabled = 1;
							};
						};
					};
				};
			};
			buildConfigurationList = CE145A471FE3812200286BE1 /* Build configuration list for PBXProject "Streaks" */;
			compatibilityVersion = "Xcode 8.0";
			developmentRegion = en;
			hasScannedForEncodings = 0;
			knownRegions = (
				en,
				Base,
			);
			mainGroup = CE145A431FE3812200286BE1;
			productRefGroup = CE145A4D1FE3812200286BE1 /* Products */;
			projectDirPath = "";
			projectRoot = "";
			targets = (
				CE145A4B1FE3812200286BE1 /* Streaks */,
			);
		};
/* End PBXProject section */

/* Begin PBXResourcesBuildPhase section */
		CE145A4A1FE3812200286BE1 /* Resources */ = {
			isa = PBXResourcesBuildPhase;
			buildActionMask = 2147483647;
			files = (
				CEBFDF461FE38AAE00DC8AA8 /* Gotham-Medium.otf in Resources */,
				CEBFDF431FE38AAE00DC8AA8 /* Gotham-XLight.otf in Resources */,
				CEBFDF4D1FE38AAE00DC8AA8 /* Gotham-BlackItalic.otf in Resources */,
				CEBFDF491FE38AAE00DC8AA8 /* Gotham-LightItalic.otf in Resources */,
				CEBFDF441FE38AAE00DC8AA8 /* Gotham-Black.otf in Resources */,
				CEBFDF4A1FE38AAE00DC8AA8 /* Gotham-Light.otf in Resources */,
				CEBFDF4B1FE38AAE00DC8AA8 /* Gotham-BoldItalic.otf in Resources */,
				CEBFDF4C1FE38AAE00DC8AA8 /* Gotham-BookItalic.otf in Resources */,
				CEBFDF451FE38AAE00DC8AA8 /* Gotham-XLightItalic.otf in Resources */,
				CEBFDF481FE38AAE00DC8AA8 /* Gotham-Bold.otf in Resources */,
				CEBFDF4E1FE38AAE00DC8AA8 /* Gotham-MediumItalic.otf in Resources */,
				CE145A5A1FE3812200286BE1 /* LaunchScreen.storyboard in Resources */,
				CEBFDF471FE38AAE00DC8AA8 /* Gotham-Book.otf in Resources */,
				CE145A571FE3812200286BE1 /* Assets.xcassets in Resources */,
			);
			runOnlyForDeploymentPostprocessing = 0;
		};
/* End PBXResourcesBuildPhase section */

/* Begin PBXShellScriptBuildPhase section */
		344CC430C4B817E3593C664F /* [CP] Embed Pods Frameworks */ = {
			isa = PBXShellScriptBuildPhase;
			buildActionMask = 2147483647;
			files = (
			);
			inputPaths = (
				"${SRCROOT}/Pods/Target Support Files/Pods-Streaks/Pods-Streaks-frameworks.sh",
				"${BUILT_PRODUCTS_DIR}/ALGReversedFlowLayout/ALGReversedFlowLayout.framework",
				"${BUILT_PRODUCTS_DIR}/Bindable/Bindable.framework",
				"${BUILT_PRODUCTS_DIR}/Conduction/Conduction.framework",
				"${BUILT_PRODUCTS_DIR}/Elemental/Elemental.framework",
				"${BUILT_PRODUCTS_DIR}/IQKeyboardManager/IQKeyboardManager.framework",
			);
			name = "[CP] Embed Pods Frameworks";
			outputPaths = (
				"${TARGET_BUILD_DIR}/${FRAMEWORKS_FOLDER_PATH}/ALGReversedFlowLayout.framework",
				"${TARGET_BUILD_DIR}/${FRAMEWORKS_FOLDER_PATH}/Bindable.framework",
				"${TARGET_BUILD_DIR}/${FRAMEWORKS_FOLDER_PATH}/Conduction.framework",
				"${TARGET_BUILD_DIR}/${FRAMEWORKS_FOLDER_PATH}/Elemental.framework",
				"${TARGET_BUILD_DIR}/${FRAMEWORKS_FOLDER_PATH}/IQKeyboardManager.framework",
			);
			runOnlyForDeploymentPostprocessing = 0;
			shellPath = /bin/sh;
			shellScript = "\"${SRCROOT}/Pods/Target Support Files/Pods-Streaks/Pods-Streaks-frameworks.sh\"\n";
			showEnvVarsInLog = 0;
		};
		6995F75D54ED8B3F4CAAB3F4 /* [CP] Check Pods Manifest.lock */ = {
			isa = PBXShellScriptBuildPhase;
			buildActionMask = 2147483647;
			files = (
			);
			inputPaths = (
				"${PODS_PODFILE_DIR_PATH}/Podfile.lock",
				"${PODS_ROOT}/Manifest.lock",
			);
			name = "[CP] Check Pods Manifest.lock";
			outputPaths = (
				"$(DERIVED_FILE_DIR)/Pods-Streaks-checkManifestLockResult.txt",
			);
			runOnlyForDeploymentPostprocessing = 0;
			shellPath = /bin/sh;
			shellScript = "diff \"${PODS_PODFILE_DIR_PATH}/Podfile.lock\" \"${PODS_ROOT}/Manifest.lock\" > /dev/null\nif [ $? != 0 ] ; then\n    # print error to STDERR\n    echo \"error: The sandbox is not in sync with the Podfile.lock. Run 'pod install' or update your CocoaPods installation.\" >&2\n    exit 1\nfi\n# This output is used by Xcode 'outputs' to avoid re-running this script phase.\necho \"SUCCESS\" > \"${SCRIPT_OUTPUT_FILE_0}\"\n";
			showEnvVarsInLog = 0;
		};
		EECEEAD0F02E78F85B385815 /* [CP] Copy Pods Resources */ = {
			isa = PBXShellScriptBuildPhase;
			buildActionMask = 2147483647;
			files = (
			);
			inputPaths = (
			);
			name = "[CP] Copy Pods Resources";
			outputPaths = (
			);
			runOnlyForDeploymentPostprocessing = 0;
			shellPath = /bin/sh;
			shellScript = "\"${SRCROOT}/Pods/Target Support Files/Pods-Streaks/Pods-Streaks-resources.sh\"\n";
			showEnvVarsInLog = 0;
		};
/* End PBXShellScriptBuildPhase section */

/* Begin PBXSourcesBuildPhase section */
		CE145A481FE3812200286BE1 /* Sources */ = {
			isa = PBXSourcesBuildPhase;
			buildActionMask = 2147483647;
			files = (
				CEA1F2E720B00A9000CB378C /* UISegmentedControl+Extensions.swift in Sources */,
				CEA1F2FB20B00A9000CB378C /* GradientSlider.swift in Sources */,
				CEBFDF5D1FE38B7800DC8AA8 /* UIView+Streaks.swift in Sources */,
				CE0E83EB20CBA12800B2D2BA /* Animation.swift in Sources */,
				CEBFDF621FE38B7800DC8AA8 /* UITabBar+Streaks.swift in Sources */,
				CE8CA0EF1FF1979C0040C3AF /* CalendarGridFooter.swift in Sources */,
				CEDA59B920B0E15400D3EFE7 /* GlobalSettingsViewController.swift in Sources */,
				CEBFDF6D1FE3904A00DC8AA8 /* StatsViewController.swift in Sources */,
				CEA1F2EA20B00A9000CB378C /* UIView+Extensions.swift in Sources */,
				CE1CA58F20D22B4700AFA53F /* Streaks.xcdatamodeld in Sources */,
				CEA1F2F620B00A9000CB378C /* UITextField+Extensions.swift in Sources */,
				CE0E83E720CBA12800B2D2BA /* UICollectionView + ViewAnimator.swift in Sources */,
				CE0E83E820CBA12800B2D2BA /* Utilities.swift in Sources */,
				CEA1F2FD20B00A9000CB378C /* Button.swift in Sources */,
				CEC8AD5620AF956C002B7947 /* ActivityListViewController.swift in Sources */,
				CEA1F2D120B00A9000CB378C /* OneTextFieldViewController.swift in Sources */,
				CE23B06420AEB33C0071C5DC /* MarkerViewController.swift in Sources */,
				CEA1F2EE20B00A9000CB378C /* UIColor+Extensions.swift in Sources */,
				CEDA59BE20B0F37100D3EFE7 /* RenameActivityOperation.swift in Sources */,
				CEA1F2EB20B00A9000CB378C /* Date+Extension.swift in Sources */,
				CEDA59BC20B0F35800D3EFE7 /* BaseOperation.swift in Sources */,
				CEA1F2FC20B00A9000CB378C /* TextField.swift in Sources */,
				CEBFDF5E1FE38B7800DC8AA8 /* String+Streaks.swift in Sources */,
				CEBFDF5F1FE38B7800DC8AA8 /* UIFont+Streaks.swift in Sources */,
				CEBFDF5B1FE38B7800DC8AA8 /* UIViewController+Streaks.swift in Sources */,
				CEDA59B720B0E14700D3EFE7 /* GlobalSettingsConductor.swift in Sources */,
				CEDA59B520B0DACA00D3EFE7 /* ColorGridCell.swift in Sources */,
				CEBFDF651FE38B7800DC8AA8 /* UILabel+Streaks.swift in Sources */,
				CE74462020DC754F00739B61 /* ActivityComposerConductor.swift in Sources */,
				CEA1F2ED20B00A9000CB378C /* UITextView+Extensions.swift in Sources */,
				CEBFDF751FE399E300DC8AA8 /* ActivitySettingsConductor.swift in Sources */,
				CEBFDF711FE399AF00DC8AA8 /* ActivityConductor.swift in Sources */,
				CEBFDF6F1FE3906700DC8AA8 /* ActivitySettingsViewController.swift in Sources */,
				CEDA59C020B11BD000D3EFE7 /* ActivityPageConductor.swift in Sources */,
				CEA1F2F220B00A9000CB378C /* UIAlertController+Extensions.swift in Sources */,
				CEA1F2E920B00A9000CB378C /* UIViewController+Extensions.swift in Sources */,
				CEA1F2EC20B00A9000CB378C /* String+Extensions.swift in Sources */,
				CE0E83ED20CBA12800B2D2BA /* Direction.swift in Sources */,
				CEA1F2F420B00A9000CB378C /* Common+Extensions.swift in Sources */,
				CEA1F2EF20B00A9000CB378C /* UIImage+Extensions.swift in Sources */,
				CEA1F2E620B00A9000CB378C /* Array+Extensions.swift in Sources */,
				CE0E83E920CBA12800B2D2BA /* ViewAnimator.swift in Sources */,
				CEA1F2DE20B00A9000CB378C /* ColorPickerViewController.swift in Sources */,
				CE145A501FE3812200286BE1 /* AppDelegate.swift in Sources */,
				CE0E83EA20CBA12800B2D2BA /* ViewAnimatorConfig.swift in Sources */,
				CEBFDF641FE38B7800DC8AA8 /* UIBarButtonItem+Streaks.swift in Sources */,
				CE1CA59120D231B000AFA53F /* ElementConfigs.swift in Sources */,
				CEA1F2F720B00A9000CB378C /* AttributedTextBlock.swift in Sources */,
				CE8CA0ED1FF197810040C3AF /* CalendarGridCell.swift in Sources */,
				CE0E83E620CBA12800B2D2BA /* UITableView + ViewAnimator.swift in Sources */,
				CEBFDF631FE38B7800DC8AA8 /* UINavigationController+Streaks.swift in Sources */,
				CEA1F2F920B00A9000CB378C /* Label.swift in Sources */,
				CEA1F2F320B00A9000CB378C /* Optional+Extensions.swift in Sources */,
				CE09067F1FE75B9B00A388C2 /* CalendarGridViewController.swift in Sources */,
				CEBFDF5C1FE38B7800DC8AA8 /* UIButton+Streaks.swift in Sources */,
				CEA1F2D020B00A9000CB378C /* TwoTextFieldsViewController.swift in Sources */,
				CEA1F2F120B00A9000CB378C /* UIApplication+Extensions.swift in Sources */,
				CEA1F2DF20B00A9000CB378C /* DatePickerViewController.swift in Sources */,
				CE74461E20DC74FD00739B61 /* ActivityComposerViewController.swift in Sources */,
				CE0E83EC20CBA12800B2D2BA /* AnimationType.swift in Sources */,
				CEBFDF611FE38B7800DC8AA8 /* UIImage+Streaks.swift in Sources */,
				CEBFDF601FE38B7800DC8AA8 /* UIColor+Streaks.swift in Sources */,
				CEA1F2F020B00A9000CB378C /* UISearchBar+Extensions.swift in Sources */,
				CEA1F2D920B00A9000CB378C /* PickerViewViewController.swift in Sources */,
				CE145A621FE387BE00286BE1 /* AppRouter.swift in Sources */,
				CEBFDF6B1FE38F7E00DC8AA8 /* ActivityViewController.swift in Sources */,
				CEDA59B320B0DA9E00D3EFE7 /* ColorGridViewController.swift in Sources */,
				CEBFDF731FE399CE00DC8AA8 /* StatsConductor.swift in Sources */,
				CE0E83EF20CBA95700B2D2BA /* BobRoss.swift in Sources */,
				CE23B06620AEB9D30071C5DC /* MarkerConductor.swift in Sources */,
				CEBFDF681FE38E8700DC8AA8 /* MainConductor.swift in Sources */,
				CE8CA0F11FF20D8F0040C3AF /* CalendarWeekdayHeaderViewController.swift in Sources */,
				CEC8AD5820AF9593002B7947 /* ActivityListConductor.swift in Sources */,
				CE23B06220AE95910071C5DC /* ProgressDataLayer.swift in Sources */,
				CEA1F2FA20B00A9000CB378C /* SegmentedControl.swift in Sources */,
				CEA1F2F820B00A9000CB378C /* TextViewController.swift in Sources */,
			);
			runOnlyForDeploymentPostprocessing = 0;
		};
/* End PBXSourcesBuildPhase section */

/* Begin PBXVariantGroup section */
		CE145A581FE3812200286BE1 /* LaunchScreen.storyboard */ = {
			isa = PBXVariantGroup;
			children = (
				CE145A591FE3812200286BE1 /* Base */,
			);
			name = LaunchScreen.storyboard;
			sourceTree = "<group>";
		};
/* End PBXVariantGroup section */

/* Begin XCBuildConfiguration section */
		CE145A5C1FE3812200286BE1 /* Debug */ = {
			isa = XCBuildConfiguration;
			buildSettings = {
				ALWAYS_SEARCH_USER_PATHS = NO;
				CLANG_ANALYZER_NONNULL = YES;
				CLANG_ANALYZER_NUMBER_OBJECT_CONVERSION = YES_AGGRESSIVE;
				CLANG_CXX_LANGUAGE_STANDARD = "gnu++14";
				CLANG_CXX_LIBRARY = "libc++";
				CLANG_ENABLE_MODULES = YES;
				CLANG_ENABLE_OBJC_ARC = YES;
				CLANG_WARN_BLOCK_CAPTURE_AUTORELEASING = YES;
				CLANG_WARN_BOOL_CONVERSION = YES;
				CLANG_WARN_COMMA = YES;
				CLANG_WARN_CONSTANT_CONVERSION = YES;
				CLANG_WARN_DEPRECATED_OBJC_IMPLEMENTATIONS = YES;
				CLANG_WARN_DIRECT_OBJC_ISA_USAGE = YES_ERROR;
				CLANG_WARN_DOCUMENTATION_COMMENTS = YES;
				CLANG_WARN_EMPTY_BODY = YES;
				CLANG_WARN_ENUM_CONVERSION = YES;
				CLANG_WARN_INFINITE_RECURSION = YES;
				CLANG_WARN_INT_CONVERSION = YES;
				CLANG_WARN_NON_LITERAL_NULL_CONVERSION = YES;
				CLANG_WARN_OBJC_IMPLICIT_RETAIN_SELF = YES;
				CLANG_WARN_OBJC_LITERAL_CONVERSION = YES;
				CLANG_WARN_OBJC_ROOT_CLASS = YES_ERROR;
				CLANG_WARN_RANGE_LOOP_ANALYSIS = YES;
				CLANG_WARN_STRICT_PROTOTYPES = YES;
				CLANG_WARN_SUSPICIOUS_MOVE = YES;
				CLANG_WARN_UNGUARDED_AVAILABILITY = YES_AGGRESSIVE;
				CLANG_WARN_UNREACHABLE_CODE = YES;
				CLANG_WARN__DUPLICATE_METHOD_MATCH = YES;
				CODE_SIGN_IDENTITY = "iPhone Developer";
				COPY_PHASE_STRIP = NO;
				DEBUG_INFORMATION_FORMAT = dwarf;
				ENABLE_STRICT_OBJC_MSGSEND = YES;
				ENABLE_TESTABILITY = YES;
				GCC_C_LANGUAGE_STANDARD = gnu11;
				GCC_DYNAMIC_NO_PIC = NO;
				GCC_NO_COMMON_BLOCKS = YES;
				GCC_OPTIMIZATION_LEVEL = 0;
				GCC_PREPROCESSOR_DEFINITIONS = (
					"DEBUG=1",
					"$(inherited)",
				);
				GCC_WARN_64_TO_32_BIT_CONVERSION = YES;
				GCC_WARN_ABOUT_RETURN_TYPE = YES_ERROR;
				GCC_WARN_UNDECLARED_SELECTOR = YES;
				GCC_WARN_UNINITIALIZED_AUTOS = YES_AGGRESSIVE;
				GCC_WARN_UNUSED_FUNCTION = YES;
				GCC_WARN_UNUSED_VARIABLE = YES;
				IPHONEOS_DEPLOYMENT_TARGET = 11.2;
				MTL_ENABLE_DEBUG_INFO = YES;
				ONLY_ACTIVE_ARCH = YES;
				SDKROOT = iphoneos;
				SWIFT_ACTIVE_COMPILATION_CONDITIONS = DEBUG;
				SWIFT_OPTIMIZATION_LEVEL = "-Onone";
			};
			name = Debug;
		};
		CE145A5D1FE3812200286BE1 /* Release */ = {
			isa = XCBuildConfiguration;
			buildSettings = {
				ALWAYS_SEARCH_USER_PATHS = NO;
				CLANG_ANALYZER_NONNULL = YES;
				CLANG_ANALYZER_NUMBER_OBJECT_CONVERSION = YES_AGGRESSIVE;
				CLANG_CXX_LANGUAGE_STANDARD = "gnu++14";
				CLANG_CXX_LIBRARY = "libc++";
				CLANG_ENABLE_MODULES = YES;
				CLANG_ENABLE_OBJC_ARC = YES;
				CLANG_WARN_BLOCK_CAPTURE_AUTORELEASING = YES;
				CLANG_WARN_BOOL_CONVERSION = YES;
				CLANG_WARN_COMMA = YES;
				CLANG_WARN_CONSTANT_CONVERSION = YES;
				CLANG_WARN_DEPRECATED_OBJC_IMPLEMENTATIONS = YES;
				CLANG_WARN_DIRECT_OBJC_ISA_USAGE = YES_ERROR;
				CLANG_WARN_DOCUMENTATION_COMMENTS = YES;
				CLANG_WARN_EMPTY_BODY = YES;
				CLANG_WARN_ENUM_CONVERSION = YES;
				CLANG_WARN_INFINITE_RECURSION = YES;
				CLANG_WARN_INT_CONVERSION = YES;
				CLANG_WARN_NON_LITERAL_NULL_CONVERSION = YES;
				CLANG_WARN_OBJC_IMPLICIT_RETAIN_SELF = YES;
				CLANG_WARN_OBJC_LITERAL_CONVERSION = YES;
				CLANG_WARN_OBJC_ROOT_CLASS = YES_ERROR;
				CLANG_WARN_RANGE_LOOP_ANALYSIS = YES;
				CLANG_WARN_STRICT_PROTOTYPES = YES;
				CLANG_WARN_SUSPICIOUS_MOVE = YES;
				CLANG_WARN_UNGUARDED_AVAILABILITY = YES_AGGRESSIVE;
				CLANG_WARN_UNREACHABLE_CODE = YES;
				CLANG_WARN__DUPLICATE_METHOD_MATCH = YES;
				CODE_SIGN_IDENTITY = "iPhone Developer";
				COPY_PHASE_STRIP = NO;
				DEBUG_INFORMATION_FORMAT = "dwarf-with-dsym";
				ENABLE_NS_ASSERTIONS = NO;
				ENABLE_STRICT_OBJC_MSGSEND = YES;
				GCC_C_LANGUAGE_STANDARD = gnu11;
				GCC_NO_COMMON_BLOCKS = YES;
				GCC_WARN_64_TO_32_BIT_CONVERSION = YES;
				GCC_WARN_ABOUT_RETURN_TYPE = YES_ERROR;
				GCC_WARN_UNDECLARED_SELECTOR = YES;
				GCC_WARN_UNINITIALIZED_AUTOS = YES_AGGRESSIVE;
				GCC_WARN_UNUSED_FUNCTION = YES;
				GCC_WARN_UNUSED_VARIABLE = YES;
				IPHONEOS_DEPLOYMENT_TARGET = 11.2;
				MTL_ENABLE_DEBUG_INFO = NO;
				SDKROOT = iphoneos;
				SWIFT_OPTIMIZATION_LEVEL = "-Owholemodule";
				VALIDATE_PRODUCT = YES;
			};
			name = Release;
		};
		CE145A5F1FE3812200286BE1 /* Debug */ = {
			isa = XCBuildConfiguration;
			baseConfigurationReference = D52441EBC8F70B1546028A47 /* Pods-Streaks.debug.xcconfig */;
			buildSettings = {
				ASSETCATALOG_COMPILER_APPICON_NAME = AppIcon;
				CODE_SIGN_ENTITLEMENTS = Streaks.entitlements;
				CODE_SIGN_STYLE = Automatic;
				DEVELOPMENT_TEAM = 49BYD5B64K;
				INFOPLIST_FILE = Progress/Info.plist;
				IPHONEOS_DEPLOYMENT_TARGET = 11.0;
				LD_RUNPATH_SEARCH_PATHS = "$(inherited) @executable_path/Frameworks";
				PRODUCT_BUNDLE_IDENTIFIER = co.incipia.progress;
				PRODUCT_NAME = "$(TARGET_NAME)";
				SWIFT_VERSION = 3.0;
				TARGETED_DEVICE_FAMILY = "1,2";
			};
			name = Debug;
		};
		CE145A601FE3812200286BE1 /* Release */ = {
			isa = XCBuildConfiguration;
			baseConfigurationReference = 7255D160EA2097C933D640F0 /* Pods-Streaks.release.xcconfig */;
			buildSettings = {
				ASSETCATALOG_COMPILER_APPICON_NAME = AppIcon;
				CODE_SIGN_ENTITLEMENTS = Streaks.entitlements;
				CODE_SIGN_STYLE = Automatic;
				DEVELOPMENT_TEAM = 49BYD5B64K;
				INFOPLIST_FILE = Progress/Info.plist;
				IPHONEOS_DEPLOYMENT_TARGET = 11.0;
				LD_RUNPATH_SEARCH_PATHS = "$(inherited) @executable_path/Frameworks";
				PRODUCT_BUNDLE_IDENTIFIER = co.incipia.progress;
				PRODUCT_NAME = "$(TARGET_NAME)";
				SWIFT_VERSION = 3.0;
				TARGETED_DEVICE_FAMILY = "1,2";
			};
			name = Release;
		};
/* End XCBuildConfiguration section */

/* Begin XCConfigurationList section */
		CE145A471FE3812200286BE1 /* Build configuration list for PBXProject "Streaks" */ = {
			isa = XCConfigurationList;
			buildConfigurations = (
				CE145A5C1FE3812200286BE1 /* Debug */,
				CE145A5D1FE3812200286BE1 /* Release */,
			);
			defaultConfigurationIsVisible = 0;
			defaultConfigurationName = Release;
		};
		CE145A5E1FE3812200286BE1 /* Build configuration list for PBXNativeTarget "Streaks" */ = {
			isa = XCConfigurationList;
			buildConfigurations = (
				CE145A5F1FE3812200286BE1 /* Debug */,
				CE145A601FE3812200286BE1 /* Release */,
			);
			defaultConfigurationIsVisible = 0;
			defaultConfigurationName = Release;
		};
/* End XCConfigurationList section */

/* Begin XCVersionGroup section */
		CE23B05E20AE95070071C5DC /* Streaks.xcdatamodeld */ = {
			isa = XCVersionGroup;
			children = (
				CE30D02720BB8F6D008C38D7 /* Streaks_v2.xcdatamodel */,
				CE23B05F20AE95070071C5DC /* Streaks.xcdatamodel */,
			);
			currentVersion = CE30D02720BB8F6D008C38D7 /* Streaks_v2.xcdatamodel */;
			path = Streaks.xcdatamodeld;
			sourceTree = "<group>";
			versionGroupType = wrapper.xcdatamodel;
		};
/* End XCVersionGroup section */
	};
	rootObject = CE145A441FE3812200286BE1 /* Project object */;
}
